# Generated by buf. DO NOT EDIT.
version: v1
deps:
  - remote: buf.build
    owner: googleapis
    repository: googleapis
    branch: main
    commit: 40f07f5b563941f2b20b991a7aedd53d
    digest: b1-Iv8fTR4AKXwNW80Ey6K5tY8cP053y_95sB5fro9IWZo=
    create_time: 2021-12-02T15:07:41.896892Z
  - remote: buf.build
    owner: grpc-ecosystem
    repository: grpc-gateway
    branch: main
    commit: ff83506eb9cc4cf8972f49ce87e6ed3e
    digest: b1-iLPHgLaoeWWinMiXXqPnxqE4BThtY3eSbswVGh9GOGI=
    create_time: 2021-10-23T16:26:52.283938Z
